
Microsoft Visual Studio Solution File, Format Version 12.00
# Visual Studio Version 16
VisualStudioVersion = 16.0.29403.142
MinimumVisualStudioVersion = 10.0.40219.1
Project("{FAE04EC0-301F-11D3-BF4B-00C04F79EFBC}") = "ThreadExample", "ThreadExample\ThreadExample.csproj", "{41302CD0-5BDE-4A53-B200-F126B4230A47}"
EndProject
Global
	GlobalSection(SolutionConfigurationPlatforms) = preSolution
		Debug|Any CPU = Debug|Any CPU
		Release|Any CPU = Release|Any CPU
	EndGlobalSection
	GlobalSection(ProjectConfigurationPlatforms) = postSolution
		{41302CD0-5BDE-4A53-B200-F126B4230A47}.Debug|Any CPU.ActiveCfg = Debug|Any CPU
		{41302CD0-5BDE-4A53-B200-F126B4230A47}.Debug|Any CPU.Build.0 = Debug|Any CPU
		{41302CD0-5BDE-4A53-B200-F126B4230A47}.Release|Any CPU.ActiveCfg = Release|Any CPU
		{41302CD0-5BDE-4A53-B200-F126B4230A47}.Release|Any CPU.Build.0 = Release|Any CPU
	EndGlobalSection
	GlobalSection(SolutionProperties) = preSolution
		HideSolutionNode = FALSE
	EndGlobalSection
	GlobalSection(ExtensibilityGlobals) = postSolution
		SolutionGuid = {B21C8FC7-501F-4F22-8AB2-139BED32B3D1}
	EndGlobalSection
EndGlobal
